
Microsoft Visual Studio Solution File, Format Version 12.00
# Visual Studio 14
VisualStudioVersion = 14.0.25123.0
MinimumVisualStudioVersion = 10.0.40219.1
Project("{FAE04EC0-301F-11D3-BF4B-00C04F79EFBC}") = "XMLSerializator", "XMLSerializator\XMLSerializator.csproj", "{2E73B5C4-12E2-49D2-A499-8889CA669C14}"
EndProject
Global
	GlobalSection(SolutionConfigurationPlatforms) = preSolution
		Debug|Any CPU = Debug|Any CPU
		Release|Any CPU = Release|Any CPU
	EndGlobalSection
	GlobalSection(ProjectConfigurationPlatforms) = postSolution
		{2E73B5C4-12E2-49D2-A499-8889CA669C14}.Debug|Any CPU.ActiveCfg = Debug|Any CPU
		{2E73B5C4-12E2-49D2-A499-8889CA669C14}.Debug|Any CPU.Build.0 = Debug|Any CPU
		{2E73B5C4-12E2-49D2-A499-8889CA669C14}.Release|Any CPU.ActiveCfg = Release|Any CPU
		{2E73B5C4-12E2-49D2-A499-8889CA669C14}.Release|Any CPU.Build.0 = Release|Any CPU
	EndGlobalSection
	GlobalSection(SolutionProperties) = preSolution
		HideSolutionNode = FALSE
	EndGlobalSection
EndGlobal
