
Microsoft Visual Studio Solution File, Format Version 12.00
# Visual Studio 14
VisualStudioVersion = 14.0.25123.0
MinimumVisualStudioVersion = 10.0.40219.1
Project("{FAE04EC0-301F-11D3-BF4B-00C04F79EFBC}") = "kursov_rabota", "kursov_rabota\kursov_rabota.csproj", "{A3B8D80C-9FBA-4E65-A8E3-CBC992CF3727}"
EndProject
Project("{FAE04EC0-301F-11D3-BF4B-00C04F79EFBC}") = "ReportLibrary", "ReportLibrary\ReportLibrary.csproj", "{872A101B-03FB-4413-873C-60CE36E1D460}"
EndProject
Project("{FAE04EC0-301F-11D3-BF4B-00C04F79EFBC}") = "FormatDateLibrary", "FormatDateLibrary\FormatDateLibrary.csproj", "{7E2309B9-277A-4225-9007-14AAEE5395FB}"
EndProject
Global
	GlobalSection(SolutionConfigurationPlatforms) = preSolution
		Debug|Any CPU = Debug|Any CPU
		Release|Any CPU = Release|Any CPU
	EndGlobalSection
	GlobalSection(ProjectConfigurationPlatforms) = postSolution
		{A3B8D80C-9FBA-4E65-A8E3-CBC992CF3727}.Debug|Any CPU.ActiveCfg = Release|Any CPU
		{A3B8D80C-9FBA-4E65-A8E3-CBC992CF3727}.Debug|Any CPU.Build.0 = Release|Any CPU
		{A3B8D80C-9FBA-4E65-A8E3-CBC992CF3727}.Release|Any CPU.ActiveCfg = Release|Any CPU
		{A3B8D80C-9FBA-4E65-A8E3-CBC992CF3727}.Release|Any CPU.Build.0 = Release|Any CPU
		{872A101B-03FB-4413-873C-60CE36E1D460}.Debug|Any CPU.ActiveCfg = Debug|Any CPU
		{872A101B-03FB-4413-873C-60CE36E1D460}.Debug|Any CPU.Build.0 = Debug|Any CPU
		{872A101B-03FB-4413-873C-60CE36E1D460}.Release|Any CPU.ActiveCfg = Release|Any CPU
		{872A101B-03FB-4413-873C-60CE36E1D460}.Release|Any CPU.Build.0 = Release|Any CPU
		{7E2309B9-277A-4225-9007-14AAEE5395FB}.Debug|Any CPU.ActiveCfg = Debug|Any CPU
		{7E2309B9-277A-4225-9007-14AAEE5395FB}.Debug|Any CPU.Build.0 = Debug|Any CPU
		{7E2309B9-277A-4225-9007-14AAEE5395FB}.Release|Any CPU.ActiveCfg = Release|Any CPU
		{7E2309B9-277A-4225-9007-14AAEE5395FB}.Release|Any CPU.Build.0 = Release|Any CPU
	EndGlobalSection
	GlobalSection(SolutionProperties) = preSolution
		HideSolutionNode = FALSE
	EndGlobalSection
EndGlobal
